// !$*UTF8*$!
{
	archiveVersion = 1;
	classes = {
	};
	objectVersion = 50;
	objects = {

/* Begin PBXBuildFile section */
		FF575FA826A4ACD8002DD0C9 /* AfricaSwiftUIApp.swift in Sources */ = {isa = PBXBuildFile; fileRef = FF575FA726A4ACD8002DD0C9 /* AfricaSwiftUIApp.swift */; };
		FF575FAA26A4ACD8002DD0C9 /* ContentView.swift in Sources */ = {isa = PBXBuildFile; fileRef = FF575FA926A4ACD8002DD0C9 /* ContentView.swift */; };
		FF575FAC26A4ACDB002DD0C9 /* Assets.xcassets in Resources */ = {isa = PBXBuildFile; fileRef = FF575FAB26A4ACDB002DD0C9 /* Assets.xcassets */; };
		FF575FAF26A4ACDB002DD0C9 /* Preview Assets.xcassets in Resources */ = {isa = PBXBuildFile; fileRef = FF575FAE26A4ACDB002DD0C9 /* Preview Assets.xcassets */; };
		FF575FDF26A5EC6A002DD0C9 /* cheetah.mp4 in Resources */ = {isa = PBXBuildFile; fileRef = FF575FDE26A5EC6A002DD0C9 /* cheetah.mp4 */; };
		FF575FE626A5ED37002DD0C9 /* covers.json in Resources */ = {isa = PBXBuildFile; fileRef = FF575FE226A5ED37002DD0C9 /* covers.json */; };
		FF575FE726A5ED37002DD0C9 /* videos.json in Resources */ = {isa = PBXBuildFile; fileRef = FF575FE326A5ED37002DD0C9 /* videos.json */; };
		FF575FE826A5ED37002DD0C9 /* locations.json in Resources */ = {isa = PBXBuildFile; fileRef = FF575FE426A5ED37002DD0C9 /* locations.json */; };
		FF575FE926A5ED37002DD0C9 /* animals.json in Resources */ = {isa = PBXBuildFile; fileRef = FF575FE526A5ED37002DD0C9 /* animals.json */; };
		FF575FEE26A5F0B6002DD0C9 /* VideoListView.swift in Sources */ = {isa = PBXBuildFile; fileRef = FF575FED26A5F0B6002DD0C9 /* VideoListView.swift */; };
		FF575FF126A5F0EA002DD0C9 /* MapView.swift in Sources */ = {isa = PBXBuildFile; fileRef = FF575FF026A5F0EA002DD0C9 /* MapView.swift */; };
		FF575FF426A5F10E002DD0C9 /* GalleryView.swift in Sources */ = {isa = PBXBuildFile; fileRef = FF575FF326A5F10E002DD0C9 /* GalleryView.swift */; };
		FF575FF726A5F131002DD0C9 /* MainView.swift in Sources */ = {isa = PBXBuildFile; fileRef = FF575FF626A5F131002DD0C9 /* MainView.swift */; };
/* End PBXBuildFile section */

/* Begin PBXFileReference section */
		FF575FA426A4ACD8002DD0C9 /* AfricaSwiftUI.app */ = {isa = PBXFileReference; explicitFileType = wrapper.application; includeInIndex = 0; path = AfricaSwiftUI.app; sourceTree = BUILT_PRODUCTS_DIR; };
		FF575FA726A4ACD8002DD0C9 /* AfricaSwiftUIApp.swift */ = {isa = PBXFileReference; lastKnownFileType = sourcecode.swift; path = AfricaSwiftUIApp.swift; sourceTree = "<group>"; };
		FF575FA926A4ACD8002DD0C9 /* ContentView.swift */ = {isa = PBXFileReference; lastKnownFileType = sourcecode.swift; path = ContentView.swift; sourceTree = "<group>"; };
		FF575FAB26A4ACDB002DD0C9 /* Assets.xcassets */ = {isa = PBXFileReference; lastKnownFileType = folder.assetcatalog; path = Assets.xcassets; sourceTree = "<group>"; };
		FF575FAE26A4ACDB002DD0C9 /* Preview Assets.xcassets */ = {isa = PBXFileReference; lastKnownFileType = folder.assetcatalog; path = "Preview Assets.xcassets"; sourceTree = "<group>"; };
		FF575FB026A4ACDB002DD0C9 /* Info.plist */ = {isa = PBXFileReference; lastKnownFileType = text.plist.xml; path = Info.plist; sourceTree = "<group>"; };
		FF575FDE26A5EC6A002DD0C9 /* cheetah.mp4 */ = {isa = PBXFileReference; lastKnownFileType = file; path = cheetah.mp4; sourceTree = "<group>"; };
		FF575FE226A5ED37002DD0C9 /* covers.json */ = {isa = PBXFileReference; fileEncoding = 4; lastKnownFileType = text.json; path = covers.json; sourceTree = "<group>"; };
		FF575FE326A5ED37002DD0C9 /* videos.json */ = {isa = PBXFileReference; fileEncoding = 4; lastKnownFileType = text.json; path = videos.json; sourceTree = "<group>"; };
		FF575FE426A5ED37002DD0C9 /* locations.json */ = {isa = PBXFileReference; fileEncoding = 4; lastKnownFileType = text.json; path = locations.json; sourceTree = "<group>"; };
		FF575FE526A5ED37002DD0C9 /* animals.json */ = {isa = PBXFileReference; fileEncoding = 4; lastKnownFileType = text.json; path = animals.json; sourceTree = "<group>"; };
		FF575FED26A5F0B6002DD0C9 /* VideoListView.swift */ = {isa = PBXFileReference; lastKnownFileType = sourcecode.swift; path = VideoListView.swift; sourceTree = "<group>"; };
		FF575FF026A5F0EA002DD0C9 /* MapView.swift */ = {isa = PBXFileReference; lastKnownFileType = sourcecode.swift; path = MapView.swift; sourceTree = "<group>"; };
		FF575FF326A5F10E002DD0C9 /* GalleryView.swift */ = {isa = PBXFileReference; lastKnownFileType = sourcecode.swift; path = GalleryView.swift; sourceTree = "<group>"; };
		FF575FF626A5F131002DD0C9 /* MainView.swift */ = {isa = PBXFileReference; lastKnownFileType = sourcecode.swift; path = MainView.swift; sourceTree = "<group>"; };
/* End PBXFileReference section */

/* Begin PBXFrameworksBuildPhase section */
		FF575FA126A4ACD8002DD0C9 /* Frameworks */ = {
			isa = PBXFrameworksBuildPhase;
			buildActionMask = 2147483647;
			files = (
			);
			runOnlyForDeploymentPostprocessing = 0;
		};
/* End PBXFrameworksBuildPhase section */

/* Begin PBXGroup section */
		FF575F9B26A4ACD7002DD0C9 = {
			isa = PBXGroup;
			children = (
				FF575FA626A4ACD8002DD0C9 /* AfricaSwiftUI */,
				FF575FA526A4ACD8002DD0C9 /* Products */,
			);
			sourceTree = "<group>";
		};
		FF575FA526A4ACD8002DD0C9 /* Products */ = {
			isa = PBXGroup;
			children = (
				FF575FA426A4ACD8002DD0C9 /* AfricaSwiftUI.app */,
			);
			name = Products;
			sourceTree = "<group>";
		};
		FF575FA626A4ACD8002DD0C9 /* AfricaSwiftUI */ = {
			isa = PBXGroup;
			children = (
				FF575FE126A5ECE4002DD0C9 /* Data */,
				FF575FDD26A5EC4D002DD0C9 /* Video */,
				FF575FEB26A5F035002DD0C9 /* App */,
				FF575FAB26A4ACDB002DD0C9 /* Assets.xcassets */,
				FF575FB026A4ACDB002DD0C9 /* Info.plist */,
				FF575FAD26A4ACDB002DD0C9 /* Preview Content */,
			);
			path = AfricaSwiftUI;
			sourceTree = "<group>";
		};
		FF575FAD26A4ACDB002DD0C9 /* Preview Content */ = {
			isa = PBXGroup;
			children = (
				FF575FAE26A4ACDB002DD0C9 /* Preview Assets.xcassets */,
			);
			path = "Preview Content";
			sourceTree = "<group>";
		};
		FF575FDD26A5EC4D002DD0C9 /* Video */ = {
			isa = PBXGroup;
			children = (
				FF575FDE26A5EC6A002DD0C9 /* cheetah.mp4 */,
			);
			path = Video;
			sourceTree = "<group>";
		};
		FF575FE126A5ECE4002DD0C9 /* Data */ = {
			isa = PBXGroup;
			children = (
				FF575FE526A5ED37002DD0C9 /* animals.json */,
				FF575FE226A5ED37002DD0C9 /* covers.json */,
				FF575FE426A5ED37002DD0C9 /* locations.json */,
				FF575FE326A5ED37002DD0C9 /* videos.json */,
			);
			path = Data;
			sourceTree = "<group>";
		};
		FF575FEB26A5F035002DD0C9 /* App */ = {
			isa = PBXGroup;
			children = (
				FF575FA726A4ACD8002DD0C9 /* AfricaSwiftUIApp.swift */,
				FF575FA926A4ACD8002DD0C9 /* ContentView.swift */,
				FF575FED26A5F0B6002DD0C9 /* VideoListView.swift */,
				FF575FF026A5F0EA002DD0C9 /* MapView.swift */,
				FF575FF326A5F10E002DD0C9 /* GalleryView.swift */,
				FF575FF626A5F131002DD0C9 /* MainView.swift */,
			);
			path = App;
			sourceTree = "<group>";
		};
/* End PBXGroup section */

/* Begin PBXNativeTarget section */
		FF575FA326A4ACD8002DD0C9 /* AfricaSwiftUI */ = {
			isa = PBXNativeTarget;
			buildConfigurationList = FF575FB326A4ACDB002DD0C9 /* Build configuration list for PBXNativeTarget "AfricaSwiftUI" */;
			buildPhases = (
				FF575FA026A4ACD8002DD0C9 /* Sources */,
				FF575FA126A4ACD8002DD0C9 /* Frameworks */,
				FF575FA226A4ACD8002DD0C9 /* Resources */,
			);
			buildRules = (
			);
			dependencies = (
			);
			name = AfricaSwiftUI;
			productName = AfricaSwiftUI;
			productReference = FF575FA426A4ACD8002DD0C9 /* AfricaSwiftUI.app */;
			productType = "com.apple.product-type.application";
		};
/* End PBXNativeTarget section */

/* Begin PBXProject section */
		FF575F9C26A4ACD7002DD0C9 /* Project object */ = {
			isa = PBXProject;
			attributes = {
				LastSwiftUpdateCheck = 1240;
				LastUpgradeCheck = 1240;
				TargetAttributes = {
					FF575FA326A4ACD8002DD0C9 = {
						CreatedOnToolsVersion = 12.4;
					};
				};
			};
			buildConfigurationList = FF575F9F26A4ACD7002DD0C9 /* Build configuration list for PBXProject "AfricaSwiftUI" */;
			compatibilityVersion = "Xcode 9.3";
			developmentRegion = en;
			hasScannedForEncodings = 0;
			knownRegions = (
				en,
				Base,
			);
			mainGroup = FF575F9B26A4ACD7002DD0C9;
			productRefGroup = FF575FA526A4ACD8002DD0C9 /* Products */;
			projectDirPath = "";
			projectRoot = "";
			targets = (
				FF575FA326A4ACD8002DD0C9 /* AfricaSwiftUI */,
			);
		};
/* End PBXProject section */

/* Begin PBXResourcesBuildPhase section */
		FF575FA226A4ACD8002DD0C9 /* Resources */ = {
			isa = PBXResourcesBuildPhase;
			buildActionMask = 2147483647;
			files = (
				FF575FE926A5ED37002DD0C9 /* animals.json in Resources */,
				FF575FAF26A4ACDB002DD0C9 /* Preview Assets.xcassets in Resources */,
				FF575FE626A5ED37002DD0C9 /* covers.json in Resources */,
				FF575FE726A5ED37002DD0C9 /* videos.json in Resources */,
				FF575FAC26A4ACDB002DD0C9 /* Assets.xcassets in Resources */,
				FF575FE826A5ED37002DD0C9 /* locations.json in Resources */,
				FF575FDF26A5EC6A002DD0C9 /* cheetah.mp4 in Resources */,
			);
			runOnlyForDeploymentPostprocessing = 0;
		};
/* End PBXResourcesBuildPhase section */

/* Begin PBXSourcesBuildPhase section */
		FF575FA026A4ACD8002DD0C9 /* Sources */ = {
			isa = PBXSourcesBuildPhase;
			buildActionMask = 2147483647;
			files = (
				FF575FAA26A4ACD8002DD0C9 /* ContentView.swift in Sources */,
				FF575FF726A5F131002DD0C9 /* MainView.swift in Sources */,
				FF575FF126A5F0EA002DD0C9 /* MapView.swift in Sources */,
				FF575FA826A4ACD8002DD0C9 /* AfricaSwiftUIApp.swift in Sources */,
				FF575FEE26A5F0B6002DD0C9 /* VideoListView.swift in Sources */,
				FF575FF426A5F10E002DD0C9 /* GalleryView.swift in Sources */,
			);
			runOnlyForDeploymentPostprocessing = 0;
		};
/* End PBXSourcesBuildPhase section */

/* Begin XCBuildConfiguration section */
		FF575FB126A4ACDB002DD0C9 /* Debug */ = {
			isa = XCBuildConfiguration;
			buildSettings = {
				ALWAYS_SEARCH_USER_PATHS = NO;
				CLANG_ANALYZER_NONNULL = YES;
				CLANG_ANALYZER_NUMBER_OBJECT_CONVERSION = YES_AGGRESSIVE;
				CLANG_CXX_LANGUAGE_STANDARD = "gnu++14";
				CLANG_CXX_LIBRARY = "libc++";
				CLANG_ENABLE_MODULES = YES;
				CLANG_ENABLE_OBJC_ARC = YES;
				CLANG_ENABLE_OBJC_WEAK = YES;
				CLANG_WARN_BLOCK_CAPTURE_AUTORELEASING = YES;
				CLANG_WARN_BOOL_CONVERSION = YES;
				CLANG_WARN_COMMA = YES;
				CLANG_WARN_CONSTANT_CONVERSION = YES;
				CLANG_WARN_DEPRECATED_OBJC_IMPLEMENTATIONS = YES;
				CLANG_WARN_DIRECT_OBJC_ISA_USAGE = YES_ERROR;
				CLANG_WARN_DOCUMENTATION_COMMENTS = YES;
				CLANG_WARN_EMPTY_BODY = YES;
				CLANG_WARN_ENUM_CONVERSION = YES;
				CLANG_WARN_INFINITE_RECURSION = YES;
				CLANG_WARN_INT_CONVERSION = YES;
				CLANG_WARN_NON_LITERAL_NULL_CONVERSION = YES;
				CLANG_WARN_OBJC_IMPLICIT_RETAIN_SELF = YES;
				CLANG_WARN_OBJC_LITERAL_CONVERSION = YES;
				CLANG_WARN_OBJC_ROOT_CLASS = YES_ERROR;
				CLANG_WARN_QUOTED_INCLUDE_IN_FRAMEWORK_HEADER = YES;
				CLANG_WARN_RANGE_LOOP_ANALYSIS = YES;
				CLANG_WARN_STRICT_PROTOTYPES = YES;
				CLANG_WARN_SUSPICIOUS_MOVE = YES;
				CLANG_WARN_UNGUARDED_AVAILABILITY = YES_AGGRESSIVE;
				CLANG_WARN_UNREACHABLE_CODE = YES;
				CLANG_WARN__DUPLICATE_METHOD_MATCH = YES;
				COPY_PHASE_STRIP = NO;
				DEBUG_INFORMATION_FORMAT = dwarf;
				ENABLE_STRICT_OBJC_MSGSEND = YES;
				ENABLE_TESTABILITY = YES;
				GCC_C_LANGUAGE_STANDARD = gnu11;
				GCC_DYNAMIC_NO_PIC = NO;
				GCC_NO_COMMON_BLOCKS = YES;
				GCC_OPTIMIZATION_LEVEL = 0;
				GCC_PREPROCESSOR_DEFINITIONS = (
					"DEBUG=1",
					"$(inherited)",
				);
				GCC_WARN_64_TO_32_BIT_CONVERSION = YES;
				GCC_WARN_ABOUT_RETURN_TYPE = YES_ERROR;
				GCC_WARN_UNDECLARED_SELECTOR = YES;
				GCC_WARN_UNINITIALIZED_AUTOS = YES_AGGRESSIVE;
				GCC_WARN_UNUSED_FUNCTION = YES;
				GCC_WARN_UNUSED_VARIABLE = YES;
				IPHONEOS_DEPLOYMENT_TARGET = 14.4;
				MTL_ENABLE_DEBUG_INFO = INCLUDE_SOURCE;
				MTL_FAST_MATH = YES;
				ONLY_ACTIVE_ARCH = YES;
				SDKROOT = iphoneos;
				SWIFT_ACTIVE_COMPILATION_CONDITIONS = DEBUG;
				SWIFT_OPTIMIZATION_LEVEL = "-Onone";
			};
			name = Debug;
		};
		FF575FB226A4ACDB002DD0C9 /* Release */ = {
			isa = XCBuildConfiguration;
			buildSettings = {
				ALWAYS_SEARCH_USER_PATHS = NO;
				CLANG_ANALYZER_NONNULL = YES;
				CLANG_ANALYZER_NUMBER_OBJECT_CONVERSION = YES_AGGRESSIVE;
				CLANG_CXX_LANGUAGE_STANDARD = "gnu++14";
				CLANG_CXX_LIBRARY = "libc++";
				CLANG_ENABLE_MODULES = YES;
				CLANG_ENABLE_OBJC_ARC = YES;
				CLANG_ENABLE_OBJC_WEAK = YES;
				CLANG_WARN_BLOCK_CAPTURE_AUTORELEASING = YES;
				CLANG_WARN_BOOL_CONVERSION = YES;
				CLANG_WARN_COMMA = YES;
				CLANG_WARN_CONSTANT_CONVERSION = YES;
				CLANG_WARN_DEPRECATED_OBJC_IMPLEMENTATIONS = YES;
				CLANG_WARN_DIRECT_OBJC_ISA_USAGE = YES_ERROR;
				CLANG_WARN_DOCUMENTATION_COMMENTS = YES;
				CLANG_WARN_EMPTY_BODY = YES;
				CLANG_WARN_ENUM_CONVERSION = YES;
				CLANG_WARN_INFINITE_RECURSION = YES;
				CLANG_WARN_INT_CONVERSION = YES;
				CLANG_WARN_NON_LITERAL_NULL_CONVERSION = YES;
				CLANG_WARN_OBJC_IMPLICIT_RETAIN_SELF = YES;
				CLANG_WARN_OBJC_LITERAL_CONVERSION = YES;
				CLANG_WARN_OBJC_ROOT_CLASS = YES_ERROR;
				CLANG_WARN_QUOTED_INCLUDE_IN_FRAMEWORK_HEADER = YES;
				CLANG_WARN_RANGE_LOOP_ANALYSIS = YES;
				CLANG_WARN_STRICT_PROTOTYPES = YES;
				CLANG_WARN_SUSPICIOUS_MOVE = YES;
				CLANG_WARN_UNGUARDED_AVAILABILITY = YES_AGGRESSIVE;
				CLANG_WARN_UNREACHABLE_CODE = YES;
				CLANG_WARN__DUPLICATE_METHOD_MATCH = YES;
				COPY_PHASE_STRIP = NO;
				DEBUG_INFORMATION_FORMAT = "dwarf-with-dsym";
				ENABLE_NS_ASSERTIONS = NO;
				ENABLE_STRICT_OBJC_MSGSEND = YES;
				GCC_C_LANGUAGE_STANDARD = gnu11;
				GCC_NO_COMMON_BLOCKS = YES;
				GCC_WARN_64_TO_32_BIT_CONVERSION = YES;
				GCC_WARN_ABOUT_RETURN_TYPE = YES_ERROR;
				GCC_WARN_UNDECLARED_SELECTOR = YES;
				GCC_WARN_UNINITIALIZED_AUTOS = YES_AGGRESSIVE;
				GCC_WARN_UNUSED_FUNCTION = YES;
				GCC_WARN_UNUSED_VARIABLE = YES;
				IPHONEOS_DEPLOYMENT_TARGET = 14.4;
				MTL_ENABLE_DEBUG_INFO = NO;
				MTL_FAST_MATH = YES;
				SDKROOT = iphoneos;
				SWIFT_COMPILATION_MODE = wholemodule;
				SWIFT_OPTIMIZATION_LEVEL = "-O";
				VALIDATE_PRODUCT = YES;
			};
			name = Release;
		};
		FF575FB426A4ACDB002DD0C9 /* Debug */ = {
			isa = XCBuildConfiguration;
			buildSettings = {
				ASSETCATALOG_COMPILER_APPICON_NAME = AppIcon;
				ASSETCATALOG_COMPILER_GLOBAL_ACCENT_COLOR_NAME = AccentColor;
				CODE_SIGN_STYLE = Automatic;
				DEVELOPMENT_ASSET_PATHS = "\"AfricaSwiftUI/Preview Content\"";
				DEVELOPMENT_TEAM = HT46X4SNBR;
				ENABLE_PREVIEWS = YES;
				INFOPLIST_FILE = AfricaSwiftUI/Info.plist;
				IPHONEOS_DEPLOYMENT_TARGET = 14.0;
				LD_RUNPATH_SEARCH_PATHS = (
					"$(inherited)",
					"@executable_path/Frameworks",
				);
				PRODUCT_BUNDLE_IDENTIFIER = com.LearnIOS.AfricaSwiftUI;
				PRODUCT_NAME = "$(TARGET_NAME)";
				SWIFT_VERSION = 5.0;
				TARGETED_DEVICE_FAMILY = "1,2";
			};
			name = Debug;
		};
		FF575FB526A4ACDB002DD0C9 /* Release */ = {
			isa = XCBuildConfiguration;
			buildSettings = {
				ASSETCATALOG_COMPILER_APPICON_NAME = AppIcon;
				ASSETCATALOG_COMPILER_GLOBAL_ACCENT_COLOR_NAME = AccentColor;
				CODE_SIGN_STYLE = Automatic;
				DEVELOPMENT_ASSET_PATHS = "\"AfricaSwiftUI/Preview Content\"";
				DEVELOPMENT_TEAM = HT46X4SNBR;
				ENABLE_PREVIEWS = YES;
				INFOPLIST_FILE = AfricaSwiftUI/Info.plist;
				IPHONEOS_DEPLOYMENT_TARGET = 14.0;
				LD_RUNPATH_SEARCH_PATHS = (
					"$(inherited)",
					"@executable_path/Frameworks",
				);
				PRODUCT_BUNDLE_IDENTIFIER = com.LearnIOS.AfricaSwiftUI;
				PRODUCT_NAME = "$(TARGET_NAME)";
				SWIFT_VERSION = 5.0;
				TARGETED_DEVICE_FAMILY = "1,2";
			};
			name = Release;
		};
/* End XCBuildConfiguration section */

/* Begin XCConfigurationList section */
		FF575F9F26A4ACD7002DD0C9 /* Build configuration list for PBXProject "AfricaSwiftUI" */ = {
			isa = XCConfigurationList;
			buildConfigurations = (
				FF575FB126A4ACDB002DD0C9 /* Debug */,
				FF575FB226A4ACDB002DD0C9 /* Release */,
			);
			defaultConfigurationIsVisible = 0;
			defaultConfigurationName = Release;
		};
		FF575FB326A4ACDB002DD0C9 /* Build configuration list for PBXNativeTarget "AfricaSwiftUI" */ = {
			isa = XCConfigurationList;
			buildConfigurations = (
				FF575FB426A4ACDB002DD0C9 /* Debug */,
				FF575FB526A4ACDB002DD0C9 /* Release */,
			);
			defaultConfigurationIsVisible = 0;
			defaultConfigurationName = Release;
		};
/* End XCConfigurationList section */
	};
	rootObject = FF575F9C26A4ACD7002DD0C9 /* Project object */;
}
